
Microsoft Visual Studio Solution File, Format Version 12.00
# Visual Studio Version 17
VisualStudioVersion = 17.0.31919.166
MinimumVisualStudioVersion = 10.0.40219.1
Project("{FAE04EC0-301F-11D3-BF4B-00C04F79EFBC}") = "MultiboardClient", "MultiboardClient\MultiboardClient.csproj", "{E74AA476-B80D-4B28-9953-3390CF70FC11}"
EndProject
Global
	GlobalSection(SolutionConfigurationPlatforms) = preSolution
		Debug|Any CPU = Debug|Any CPU
		Release|Any CPU = Release|Any CPU
	EndGlobalSection
	GlobalSection(ProjectConfigurationPlatforms) = postSolution
		{E74AA476-B80D-4B28-9953-3390CF70FC11}.Debug|Any CPU.ActiveCfg = Debug|Any CPU
		{E74AA476-B80D-4B28-9953-3390CF70FC11}.Debug|Any CPU.Build.0 = Debug|Any CPU
		{E74AA476-B80D-4B28-9953-3390CF70FC11}.Release|Any CPU.ActiveCfg = Release|Any CPU
		{E74AA476-B80D-4B28-9953-3390CF70FC11}.Release|Any CPU.Build.0 = Release|Any CPU
	EndGlobalSection
	GlobalSection(SolutionProperties) = preSolution
		HideSolutionNode = FALSE
	EndGlobalSection
	GlobalSection(ExtensibilityGlobals) = postSolution
		SolutionGuid = {2095144B-F38B-48C2-B068-1B46CF218B06}
	EndGlobalSection
EndGlobal
